
Microsoft Visual Studio Solution File, Format Version 12.00
# Visual Studio Version 16
VisualStudioVersion = 16.0.31424.327
MinimumVisualStudioVersion = 10.0.40219.1
Project("{FAE04EC0-301F-11D3-BF4B-00C04F79EFBC}") = "Petshop.WEB", "Petshop.WEB.csproj", "{93EEEDA5-622F-47B0-B798-07EF7FBF9950}"
EndProject
Project("{FAE04EC0-301F-11D3-BF4B-00C04F79EFBC}") = "Petshop.Aplicacao", "..\Petshop.Aplicacap\Petshop.Aplicacao.csproj", "{A29BD9B7-3774-4F55-A250-97A01E85640B}"
EndProject
Project("{FAE04EC0-301F-11D3-BF4B-00C04F79EFBC}") = "Petshop.Dominio", "..\Petshop.Dominio\Petshop.Dominio.csproj", "{7F8EF5C3-6376-45F7-8AF4-0E65E9F8E46E}"
EndProject
Project("{FAE04EC0-301F-11D3-BF4B-00C04F79EFBC}") = "Petshop.Infra.Data", "..\Petshop.Infra.Data\Petshop.Infra.Data.csproj", "{0DA7B075-0BEA-4C13-90D7-D5B97D3F9382}"
EndProject
Project("{FAE04EC0-301F-11D3-BF4B-00C04F79EFBC}") = "Petshop.Infra.IoC", "..\Petshop.Infra.IoC\Petshop.Infra.IoC.csproj", "{C455E1AB-895A-475C-8BCD-455EB6E2BF96}"
EndProject
Global
	GlobalSection(SolutionConfigurationPlatforms) = preSolution
		Debug|Any CPU = Debug|Any CPU
		Release|Any CPU = Release|Any CPU
	EndGlobalSection
	GlobalSection(ProjectConfigurationPlatforms) = postSolution
		{93EEEDA5-622F-47B0-B798-07EF7FBF9950}.Debug|Any CPU.ActiveCfg = Debug|Any CPU
		{93EEEDA5-622F-47B0-B798-07EF7FBF9950}.Debug|Any CPU.Build.0 = Debug|Any CPU
		{93EEEDA5-622F-47B0-B798-07EF7FBF9950}.Release|Any CPU.ActiveCfg = Release|Any CPU
		{93EEEDA5-622F-47B0-B798-07EF7FBF9950}.Release|Any CPU.Build.0 = Release|Any CPU
		{A29BD9B7-3774-4F55-A250-97A01E85640B}.Debug|Any CPU.ActiveCfg = Debug|Any CPU
		{A29BD9B7-3774-4F55-A250-97A01E85640B}.Debug|Any CPU.Build.0 = Debug|Any CPU
		{A29BD9B7-3774-4F55-A250-97A01E85640B}.Release|Any CPU.ActiveCfg = Release|Any CPU
		{A29BD9B7-3774-4F55-A250-97A01E85640B}.Release|Any CPU.Build.0 = Release|Any CPU
		{7F8EF5C3-6376-45F7-8AF4-0E65E9F8E46E}.Debug|Any CPU.ActiveCfg = Debug|Any CPU
		{7F8EF5C3-6376-45F7-8AF4-0E65E9F8E46E}.Debug|Any CPU.Build.0 = Debug|Any CPU
		{7F8EF5C3-6376-45F7-8AF4-0E65E9F8E46E}.Release|Any CPU.ActiveCfg = Release|Any CPU
		{7F8EF5C3-6376-45F7-8AF4-0E65E9F8E46E}.Release|Any CPU.Build.0 = Release|Any CPU
		{0DA7B075-0BEA-4C13-90D7-D5B97D3F9382}.Debug|Any CPU.ActiveCfg = Debug|Any CPU
		{0DA7B075-0BEA-4C13-90D7-D5B97D3F9382}.Debug|Any CPU.Build.0 = Debug|Any CPU
		{0DA7B075-0BEA-4C13-90D7-D5B97D3F9382}.Release|Any CPU.ActiveCfg = Release|Any CPU
		{0DA7B075-0BEA-4C13-90D7-D5B97D3F9382}.Release|Any CPU.Build.0 = Release|Any CPU
		{C455E1AB-895A-475C-8BCD-455EB6E2BF96}.Debug|Any CPU.ActiveCfg = Debug|Any CPU
		{C455E1AB-895A-475C-8BCD-455EB6E2BF96}.Debug|Any CPU.Build.0 = Debug|Any CPU
		{C455E1AB-895A-475C-8BCD-455EB6E2BF96}.Release|Any CPU.ActiveCfg = Release|Any CPU
		{C455E1AB-895A-475C-8BCD-455EB6E2BF96}.Release|Any CPU.Build.0 = Release|Any CPU
	EndGlobalSection
	GlobalSection(SolutionProperties) = preSolution
		HideSolutionNode = FALSE
	EndGlobalSection
	GlobalSection(ExtensibilityGlobals) = postSolution
		SolutionGuid = {2B134B5B-4D41-4E39-B794-B1D56EEC017C}
	EndGlobalSection
EndGlobal
